
Microsoft Visual Studio Solution File, Format Version 12.00
# Visual Studio Version 17
VisualStudioVersion = 17.4.33205.214
MinimumVisualStudioVersion = 10.0.40219.1
Project("{9A19103F-16F7-4668-BE54-9A1E7A4F7556}") = "MonoGame.Spritesheet.Pipeline", "MonoGame.Spritesheet.Pipeline\MonoGame.Spritesheet.Pipeline.csproj", "{B6CF4961-729C-4D94-B087-922DE28345C8}"
EndProject
Project("{9A19103F-16F7-4668-BE54-9A1E7A4F7556}") = "MonoGame.Spritesheet", "MonoGame.Spritesheet\MonoGame.Spritesheet.csproj", "{FE6D8C5F-6F96-4449-A815-40C115C68311}"
EndProject
Global
	GlobalSection(SolutionConfigurationPlatforms) = preSolution
		Debug|Any CPU = Debug|Any CPU
		Release|Any CPU = Release|Any CPU
	EndGlobalSection
	GlobalSection(ProjectConfigurationPlatforms) = postSolution
		{B6CF4961-729C-4D94-B087-922DE28345C8}.Debug|Any CPU.ActiveCfg = Debug|Any CPU
		{B6CF4961-729C-4D94-B087-922DE28345C8}.Debug|Any CPU.Build.0 = Debug|Any CPU
		{B6CF4961-729C-4D94-B087-922DE28345C8}.Release|Any CPU.ActiveCfg = Release|Any CPU
		{B6CF4961-729C-4D94-B087-922DE28345C8}.Release|Any CPU.Build.0 = Release|Any CPU
		{FE6D8C5F-6F96-4449-A815-40C115C68311}.Debug|Any CPU.ActiveCfg = Debug|Any CPU
		{FE6D8C5F-6F96-4449-A815-40C115C68311}.Debug|Any CPU.Build.0 = Debug|Any CPU
		{FE6D8C5F-6F96-4449-A815-40C115C68311}.Release|Any CPU.ActiveCfg = Release|Any CPU
		{FE6D8C5F-6F96-4449-A815-40C115C68311}.Release|Any CPU.Build.0 = Release|Any CPU
	EndGlobalSection
	GlobalSection(SolutionProperties) = preSolution
		HideSolutionNode = FALSE
	EndGlobalSection
	GlobalSection(ExtensibilityGlobals) = postSolution
		SolutionGuid = {0DF57CC6-0D25-4E7A-909A-FCF898C90742}
	EndGlobalSection
EndGlobal
